
Microsoft Visual Studio Solution File, Format Version 12.00
# Visual Studio Version 17
VisualStudioVersion = 17.0.31903.59
MinimumVisualStudioVersion = 10.0.40219.1
Project("{FAE04EC0-301F-11D3-BF4B-00C04F79EFBC}") = "GuidPerformance", "GuidPerformance\GuidPerformance.csproj", "{02CC62CE-889D-44CA-BF88-F3F0D9E09762}"
EndProject
Project("{FAE04EC0-301F-11D3-BF4B-00C04F79EFBC}") = "HashBenchmarks", "HashBenchmarks\HashBenchmarks.csproj", "{5122EA88-8B75-41AB-A120-AE1B02B1F3C4}"
EndProject
Global
	GlobalSection(SolutionConfigurationPlatforms) = preSolution
		Debug|Any CPU = Debug|Any CPU
		Release|Any CPU = Release|Any CPU
	EndGlobalSection
	GlobalSection(SolutionProperties) = preSolution
		HideSolutionNode = FALSE
	EndGlobalSection
	GlobalSection(ProjectConfigurationPlatforms) = postSolution
		{02CC62CE-889D-44CA-BF88-F3F0D9E09762}.Debug|Any CPU.ActiveCfg = Debug|Any CPU
		{02CC62CE-889D-44CA-BF88-F3F0D9E09762}.Debug|Any CPU.Build.0 = Debug|Any CPU
		{02CC62CE-889D-44CA-BF88-F3F0D9E09762}.Release|Any CPU.ActiveCfg = Release|Any CPU
		{02CC62CE-889D-44CA-BF88-F3F0D9E09762}.Release|Any CPU.Build.0 = Release|Any CPU
		{5122EA88-8B75-41AB-A120-AE1B02B1F3C4}.Debug|Any CPU.ActiveCfg = Debug|Any CPU
		{5122EA88-8B75-41AB-A120-AE1B02B1F3C4}.Debug|Any CPU.Build.0 = Debug|Any CPU
		{5122EA88-8B75-41AB-A120-AE1B02B1F3C4}.Release|Any CPU.ActiveCfg = Release|Any CPU
		{5122EA88-8B75-41AB-A120-AE1B02B1F3C4}.Release|Any CPU.Build.0 = Release|Any CPU
	EndGlobalSection
EndGlobal
